// !$*UTF8*$!
{
	archiveVersion = 1;
	classes = {
	};
	objectVersion = 46;
	objects = {

/* Begin PBXBuildFile section */
		D4FC47001C5CEF5F00DC42CA /* AppDelegate.swift in Sources */ = {isa = PBXBuildFile; fileRef = D4FC46FF1C5CEF5F00DC42CA /* AppDelegate.swift */; };
		D4FC47021C5CEF5F00DC42CA /* ViewController.swift in Sources */ = {isa = PBXBuildFile; fileRef = D4FC47011C5CEF5F00DC42CA /* ViewController.swift */; };
		D4FC47051C5CEF5F00DC42CA /* Main.storyboard in Resources */ = {isa = PBXBuildFile; fileRef = D4FC47031C5CEF5F00DC42CA /* Main.storyboard */; };
		D4FC47071C5CEF5F00DC42CA /* Assets.xcassets in Resources */ = {isa = PBXBuildFile; fileRef = D4FC47061C5CEF5F00DC42CA /* Assets.xcassets */; };
		D4FC470A1C5CEF5F00DC42CA /* LaunchScreen.storyboard in Resources */ = {isa = PBXBuildFile; fileRef = D4FC47081C5CEF5F00DC42CA /* LaunchScreen.storyboard */; };
		D4FC47151C5CEF5F00DC42CA /* PanGestureViewTests.swift in Sources */ = {isa = PBXBuildFile; fileRef = D4FC47141C5CEF5F00DC42CA /* PanGestureViewTests.swift */; };
		D4FC47201C5CEF5F00DC42CA /* PanGestureViewUITests.swift in Sources */ = {isa = PBXBuildFile; fileRef = D4FC471F1C5CEF5F00DC42CA /* PanGestureViewUITests.swift */; };
		D4FC472F1C5CEF7E00DC42CA /* PanGestureView.swift in Sources */ = {isa = PBXBuildFile; fileRef = D4FC472E1C5CEF7E00DC42CA /* PanGestureView.swift */; };
		D4FC47311C5CFE0A00DC42CA /* PanGestureAction.swift in Sources */ = {isa = PBXBuildFile; fileRef = D4FC47301C5CFE0A00DC42CA /* PanGestureAction.swift */; };
/* End PBXBuildFile section */

/* Begin PBXContainerItemProxy section */
		D4FC47111C5CEF5F00DC42CA /* PBXContainerItemProxy */ = {
			isa = PBXContainerItemProxy;
			containerPortal = D4FC46F41C5CEF5F00DC42CA /* Project object */;
			proxyType = 1;
			remoteGlobalIDString = D4FC46FB1C5CEF5F00DC42CA;
			remoteInfo = PanGestureView;
		};
		D4FC471C1C5CEF5F00DC42CA /* PBXContainerItemProxy */ = {
			isa = PBXContainerItemProxy;
			containerPortal = D4FC46F41C5CEF5F00DC42CA /* Project object */;
			proxyType = 1;
			remoteGlobalIDString = D4FC46FB1C5CEF5F00DC42CA;
			remoteInfo = PanGestureView;
		};
/* End PBXContainerItemProxy section */

/* Begin PBXFileReference section */
		D4FC46FC1C5CEF5F00DC42CA /* PanGestureView.app */ = {isa = PBXFileReference; explicitFileType = wrapper.application; includeInIndex = 0; path = PanGestureView.app; sourceTree = BUILT_PRODUCTS_DIR; };
		D4FC46FF1C5CEF5F00DC42CA /* AppDelegate.swift */ = {isa = PBXFileReference; lastKnownFileType = sourcecode.swift; path = AppDelegate.swift; sourceTree = "<group>"; };
		D4FC47011C5CEF5F00DC42CA /* ViewController.swift */ = {isa = PBXFileReference; lastKnownFileType = sourcecode.swift; path = ViewController.swift; sourceTree = "<group>"; };
		D4FC47041C5CEF5F00DC42CA /* Base */ = {isa = PBXFileReference; lastKnownFileType = file.storyboard; name = Base; path = Base.lproj/Main.storyboard; sourceTree = "<group>"; };
		D4FC47061C5CEF5F00DC42CA /* Assets.xcassets */ = {isa = PBXFileReference; lastKnownFileType = folder.assetcatalog; path = Assets.xcassets; sourceTree = "<group>"; };
		D4FC47091C5CEF5F00DC42CA /* Base */ = {isa = PBXFileReference; lastKnownFileType = file.storyboard; name = Base; path = Base.lproj/LaunchScreen.storyboard; sourceTree = "<group>"; };
		D4FC470B1C5CEF5F00DC42CA /* Info.plist */ = {isa = PBXFileReference; lastKnownFileType = text.plist.xml; path = Info.plist; sourceTree = "<group>"; };
		D4FC47101C5CEF5F00DC42CA /* PanGestureViewTests.xctest */ = {isa = PBXFileReference; explicitFileType = wrapper.cfbundle; includeInIndex = 0; path = PanGestureViewTests.xctest; sourceTree = BUILT_PRODUCTS_DIR; };
		D4FC47141C5CEF5F00DC42CA /* PanGestureViewTests.swift */ = {isa = PBXFileReference; lastKnownFileType = sourcecode.swift; path = PanGestureViewTests.swift; sourceTree = "<group>"; };
		D4FC47161C5CEF5F00DC42CA /* Info.plist */ = {isa = PBXFileReference; lastKnownFileType = text.plist.xml; path = Info.plist; sourceTree = "<group>"; };
		D4FC471B1C5CEF5F00DC42CA /* PanGestureViewUITests.xctest */ = {isa = PBXFileReference; explicitFileType = wrapper.cfbundle; includeInIndex = 0; path = PanGestureViewUITests.xctest; sourceTree = BUILT_PRODUCTS_DIR; };
		D4FC471F1C5CEF5F00DC42CA /* PanGestureViewUITests.swift */ = {isa = PBXFileReference; lastKnownFileType = sourcecode.swift; path = PanGestureViewUITests.swift; sourceTree = "<group>"; };
		D4FC47211C5CEF5F00DC42CA /* Info.plist */ = {isa = PBXFileReference; lastKnownFileType = text.plist.xml; path = Info.plist; sourceTree = "<group>"; };
		D4FC472E1C5CEF7E00DC42CA /* PanGestureView.swift */ = {isa = PBXFileReference; fileEncoding = 4; lastKnownFileType = sourcecode.swift; path = PanGestureView.swift; sourceTree = "<group>"; };
		D4FC47301C5CFE0A00DC42CA /* PanGestureAction.swift */ = {isa = PBXFileReference; fileEncoding = 4; lastKnownFileType = sourcecode.swift; path = PanGestureAction.swift; sourceTree = "<group>"; };
/* End PBXFileReference section */

/* Begin PBXFrameworksBuildPhase section */
		D4FC46F91C5CEF5F00DC42CA /* Frameworks */ = {
			isa = PBXFrameworksBuildPhase;
			buildActionMask = 2147483647;
			files = (
			);
			runOnlyForDeploymentPostprocessing = 0;
		};
		D4FC470D1C5CEF5F00DC42CA /* Frameworks */ = {
			isa = PBXFrameworksBuildPhase;
			buildActionMask = 2147483647;
			files = (
			);
			runOnlyForDeploymentPostprocessing = 0;
		};
		D4FC47181C5CEF5F00DC42CA /* Frameworks */ = {
			isa = PBXFrameworksBuildPhase;
			buildActionMask = 2147483647;
			files = (
			);
			runOnlyForDeploymentPostprocessing = 0;
		};
/* End PBXFrameworksBuildPhase section */

/* Begin PBXGroup section */
		D42F49F71C68D5AD0029B3B2 /* Example */ = {
			isa = PBXGroup;
			children = (
				D4FC46FF1C5CEF5F00DC42CA /* AppDelegate.swift */,
				D4FC47011C5CEF5F00DC42CA /* ViewController.swift */,
				D4FC47031C5CEF5F00DC42CA /* Main.storyboard */,
				D4FC47061C5CEF5F00DC42CA /* Assets.xcassets */,
				D4FC47081C5CEF5F00DC42CA /* LaunchScreen.storyboard */,
				D4FC470B1C5CEF5F00DC42CA /* Info.plist */,
			);
			name = Example;
			sourceTree = "<group>";
		};
		D4FC46F31C5CEF5F00DC42CA = {
			isa = PBXGroup;
			children = (
				D4FC46FE1C5CEF5F00DC42CA /* PanGestureView */,
				D4FC47131C5CEF5F00DC42CA /* PanGestureViewTests */,
				D4FC471E1C5CEF5F00DC42CA /* PanGestureViewUITests */,
				D4FC46FD1C5CEF5F00DC42CA /* Products */,
			);
			sourceTree = "<group>";
		};
		D4FC46FD1C5CEF5F00DC42CA /* Products */ = {
			isa = PBXGroup;
			children = (
				D4FC46FC1C5CEF5F00DC42CA /* PanGestureView.app */,
				D4FC47101C5CEF5F00DC42CA /* PanGestureViewTests.xctest */,
				D4FC471B1C5CEF5F00DC42CA /* PanGestureViewUITests.xctest */,
			);
			name = Products;
			sourceTree = "<group>";
		};
		D4FC46FE1C5CEF5F00DC42CA /* PanGestureView */ = {
			isa = PBXGroup;
			children = (
				D42F49F71C68D5AD0029B3B2 /* Example */,
				D4FC472D1C5CEF6600DC42CA /* Classes */,
			);
			path = PanGestureView;
			sourceTree = "<group>";
		};
		D4FC47131C5CEF5F00DC42CA /* PanGestureViewTests */ = {
			isa = PBXGroup;
			children = (
				D4FC47141C5CEF5F00DC42CA /* PanGestureViewTests.swift */,
				D4FC47161C5CEF5F00DC42CA /* Info.plist */,
			);
			path = PanGestureViewTests;
			sourceTree = "<group>";
		};
		D4FC471E1C5CEF5F00DC42CA /* PanGestureViewUITests */ = {
			isa = PBXGroup;
			children = (
				D4FC471F1C5CEF5F00DC42CA /* PanGestureViewUITests.swift */,
				D4FC47211C5CEF5F00DC42CA /* Info.plist */,
			);
			path = PanGestureViewUITests;
			sourceTree = "<group>";
		};
		D4FC472D1C5CEF6600DC42CA /* Classes */ = {
			isa = PBXGroup;
			children = (
				D4FC472E1C5CEF7E00DC42CA /* PanGestureView.swift */,
				D4FC47301C5CFE0A00DC42CA /* PanGestureAction.swift */,
			);
			name = Classes;
			sourceTree = "<group>";
		};
/* End PBXGroup section */

/* Begin PBXNativeTarget section */
		D4FC46FB1C5CEF5F00DC42CA /* PanGestureView */ = {
			isa = PBXNativeTarget;
			buildConfigurationList = D4FC47241C5CEF5F00DC42CA /* Build configuration list for PBXNativeTarget "PanGestureView" */;
			buildPhases = (
				D4FC46F81C5CEF5F00DC42CA /* Sources */,
				D4FC46F91C5CEF5F00DC42CA /* Frameworks */,
				D4FC46FA1C5CEF5F00DC42CA /* Resources */,
			);
			buildRules = (
			);
			dependencies = (
			);
			name = PanGestureView;
			productName = PanGestureView;
			productReference = D4FC46FC1C5CEF5F00DC42CA /* PanGestureView.app */;
			productType = "com.apple.product-type.application";
		};
		D4FC470F1C5CEF5F00DC42CA /* PanGestureViewTests */ = {
			isa = PBXNativeTarget;
			buildConfigurationList = D4FC47271C5CEF5F00DC42CA /* Build configuration list for PBXNativeTarget "PanGestureViewTests" */;
			buildPhases = (
				D4FC470C1C5CEF5F00DC42CA /* Sources */,
				D4FC470D1C5CEF5F00DC42CA /* Frameworks */,
				D4FC470E1C5CEF5F00DC42CA /* Resources */,
			);
			buildRules = (
			);
			dependencies = (
				D4FC47121C5CEF5F00DC42CA /* PBXTargetDependency */,
			);
			name = PanGestureViewTests;
			productName = PanGestureViewTests;
			productReference = D4FC47101C5CEF5F00DC42CA /* PanGestureViewTests.xctest */;
			productType = "com.apple.product-type.bundle.unit-test";
		};
		D4FC471A1C5CEF5F00DC42CA /* PanGestureViewUITests */ = {
			isa = PBXNativeTarget;
			buildConfigurationList = D4FC472A1C5CEF5F00DC42CA /* Build configuration list for PBXNativeTarget "PanGestureViewUITests" */;
			buildPhases = (
				D4FC47171C5CEF5F00DC42CA /* Sources */,
				D4FC47181C5CEF5F00DC42CA /* Frameworks */,
				D4FC47191C5CEF5F00DC42CA /* Resources */,
			);
			buildRules = (
			);
			dependencies = (
				D4FC471D1C5CEF5F00DC42CA /* PBXTargetDependency */,
			);
			name = PanGestureViewUITests;
			productName = PanGestureViewUITests;
			productReference = D4FC471B1C5CEF5F00DC42CA /* PanGestureViewUITests.xctest */;
			productType = "com.apple.product-type.bundle.ui-testing";
		};
/* End PBXNativeTarget section */

/* Begin PBXProject section */
		D4FC46F41C5CEF5F00DC42CA /* Project object */ = {
			isa = PBXProject;
			attributes = {
				LastSwiftUpdateCheck = 0720;
				LastUpgradeCheck = 0720;
				ORGANIZATIONNAME = "Arvindh Sukumar";
				TargetAttributes = {
					D4FC46FB1C5CEF5F00DC42CA = {
						CreatedOnToolsVersion = 7.2;
					};
					D4FC470F1C5CEF5F00DC42CA = {
						CreatedOnToolsVersion = 7.2;
						TestTargetID = D4FC46FB1C5CEF5F00DC42CA;
					};
					D4FC471A1C5CEF5F00DC42CA = {
						CreatedOnToolsVersion = 7.2;
						TestTargetID = D4FC46FB1C5CEF5F00DC42CA;
					};
				};
			};
			buildConfigurationList = D4FC46F71C5CEF5F00DC42CA /* Build configuration list for PBXProject "PanGestureView" */;
			compatibilityVersion = "Xcode 3.2";
			developmentRegion = English;
			hasScannedForEncodings = 0;
			knownRegions = (
				en,
				Base,
			);
			mainGroup = D4FC46F31C5CEF5F00DC42CA;
			productRefGroup = D4FC46FD1C5CEF5F00DC42CA /* Products */;
			projectDirPath = "";
			projectRoot = "";
			targets = (
				D4FC46FB1C5CEF5F00DC42CA /* PanGestureView */,
				D4FC470F1C5CEF5F00DC42CA /* PanGestureViewTests */,
				D4FC471A1C5CEF5F00DC42CA /* PanGestureViewUITests */,
			);
		};
/* End PBXProject section */

/* Begin PBXResourcesBuildPhase section */
		D4FC46FA1C5CEF5F00DC42CA /* Resources */ = {
			isa = PBXResourcesBuildPhase;
			buildActionMask = 2147483647;
			files = (
				D4FC470A1C5CEF5F00DC42CA /* LaunchScreen.storyboard in Resources */,
				D4FC47071C5CEF5F00DC42CA /* Assets.xcassets in Resources */,
				D4FC47051C5CEF5F00DC42CA /* Main.storyboard in Resources */,
			);
			runOnlyForDeploymentPostprocessing = 0;
		};
		D4FC470E1C5CEF5F00DC42CA /* Resources */ = {
			isa = PBXResourcesBuildPhase;
			buildActionMask = 2147483647;
			files = (
			);
			runOnlyForDeploymentPostprocessing = 0;
		};
		D4FC47191C5CEF5F00DC42CA /* Resources */ = {
			isa = PBXResourcesBuildPhase;
			buildActionMask = 2147483647;
			files = (
			);
			runOnlyForDeploymentPostprocessing = 0;
		};
/* End PBXResourcesBuildPhase section */

/* Begin PBXSourcesBuildPhase section */
		D4FC46F81C5CEF5F00DC42CA /* Sources */ = {
			isa = PBXSourcesBuildPhase;
			buildActionMask = 2147483647;
			files = (
				D4FC472F1C5CEF7E00DC42CA /* PanGestureView.swift in Sources */,
				D4FC47311C5CFE0A00DC42CA /* PanGestureAction.swift in Sources */,
				D4FC47021C5CEF5F00DC42CA /* ViewController.swift in Sources */,
				D4FC47001C5CEF5F00DC42CA /* AppDelegate.swift in Sources */,
			);
			runOnlyForDeploymentPostprocessing = 0;
		};
		D4FC470C1C5CEF5F00DC42CA /* Sources */ = {
			isa = PBXSourcesBuildPhase;
			buildActionMask = 2147483647;
			files = (
				D4FC47151C5CEF5F00DC42CA /* PanGestureViewTests.swift in Sources */,
			);
			runOnlyForDeploymentPostprocessing = 0;
		};
		D4FC47171C5CEF5F00DC42CA /* Sources */ = {
			isa = PBXSourcesBuildPhase;
			buildActionMask = 2147483647;
			files = (
				D4FC47201C5CEF5F00DC42CA /* PanGestureViewUITests.swift in Sources */,
			);
			runOnlyForDeploymentPostprocessing = 0;
		};
/* End PBXSourcesBuildPhase section */

/* Begin PBXTargetDependency section */
		D4FC47121C5CEF5F00DC42CA /* PBXTargetDependency */ = {
			isa = PBXTargetDependency;
			target = D4FC46FB1C5CEF5F00DC42CA /* PanGestureView */;
			targetProxy = D4FC47111C5CEF5F00DC42CA /* PBXContainerItemProxy */;
		};
		D4FC471D1C5CEF5F00DC42CA /* PBXTargetDependency */ = {
			isa = PBXTargetDependency;
			target = D4FC46FB1C5CEF5F00DC42CA /* PanGestureView */;
			targetProxy = D4FC471C1C5CEF5F00DC42CA /* PBXContainerItemProxy */;
		};
/* End PBXTargetDependency section */

/* Begin PBXVariantGroup section */
		D4FC47031C5CEF5F00DC42CA /* Main.storyboard */ = {
			isa = PBXVariantGroup;
			children = (
				D4FC47041C5CEF5F00DC42CA /* Base */,
			);
			name = Main.storyboard;
			sourceTree = "<group>";
		};
		D4FC47081C5CEF5F00DC42CA /* LaunchScreen.storyboard */ = {
			isa = PBXVariantGroup;
			children = (
				D4FC47091C5CEF5F00DC42CA /* Base */,
			);
			name = LaunchScreen.storyboard;
			sourceTree = "<group>";
		};
/* End PBXVariantGroup section */

/* Begin XCBuildConfiguration section */
		D4FC47221C5CEF5F00DC42CA /* Debug */ = {
			isa = XCBuildConfiguration;
			buildSettings = {
				ALWAYS_SEARCH_USER_PATHS = NO;
				CLANG_CXX_LANGUAGE_STANDARD = "gnu++0x";
				CLANG_CXX_LIBRARY = "libc++";
				CLANG_ENABLE_MODULES = YES;
				CLANG_ENABLE_OBJC_ARC = YES;
				CLANG_WARN_BOOL_CONVERSION = YES;
				CLANG_WARN_CONSTANT_CONVERSION = YES;
				CLANG_WARN_DIRECT_OBJC_ISA_USAGE = YES_ERROR;
				CLANG_WARN_EMPTY_BODY = YES;
				CLANG_WARN_ENUM_CONVERSION = YES;
				CLANG_WARN_INT_CONVERSION = YES;
				CLANG_WARN_OBJC_ROOT_CLASS = YES_ERROR;
				CLANG_WARN_UNREACHABLE_CODE = YES;
				CLANG_WARN__DUPLICATE_METHOD_MATCH = YES;
				"CODE_SIGN_IDENTITY[sdk=iphoneos*]" = "iPhone Developer";
				COPY_PHASE_STRIP = NO;
				DEBUG_INFORMATION_FORMAT = dwarf;
				ENABLE_STRICT_OBJC_MSGSEND = YES;
				ENABLE_TESTABILITY = YES;
				GCC_C_LANGUAGE_STANDARD = gnu99;
				GCC_DYNAMIC_NO_PIC = NO;
				GCC_NO_COMMON_BLOCKS = YES;
				GCC_OPTIMIZATION_LEVEL = 0;
				GCC_PREPROCESSOR_DEFINITIONS = (
					"DEBUG=1",
					"$(inherited)",
				);
				GCC_WARN_64_TO_32_BIT_CONVERSION = YES;
				GCC_WARN_ABOUT_RETURN_TYPE = YES_ERROR;
				GCC_WARN_UNDECLARED_SELECTOR = YES;
				GCC_WARN_UNINITIALIZED_AUTOS = YES_AGGRESSIVE;
				GCC_WARN_UNUSED_FUNCTION = YES;
				GCC_WARN_UNUSED_VARIABLE = YES;
				IPHONEOS_DEPLOYMENT_TARGET = 9.2;
				MTL_ENABLE_DEBUG_INFO = YES;
				ONLY_ACTIVE_ARCH = YES;
				SDKROOT = iphoneos;
				SWIFT_OPTIMIZATION_LEVEL = "-Onone";
			};
			name = Debug;
		};
		D4FC47231C5CEF5F00DC42CA /* Release */ = {
			isa = XCBuildConfiguration;
			buildSettings = {
				ALWAYS_SEARCH_USER_PATHS = NO;
				CLANG_CXX_LANGUAGE_STANDARD = "gnu++0x";
				CLANG_CXX_LIBRARY = "libc++";
				CLANG_ENABLE_MODULES = YES;
				CLANG_ENABLE_OBJC_ARC = YES;
				CLANG_WARN_BOOL_CONVERSION = YES;
				CLANG_WARN_CONSTANT_CONVERSION = YES;
				CLANG_WARN_DIRECT_OBJC_ISA_USAGE = YES_ERROR;
				CLANG_WARN_EMPTY_BODY = YES;
				CLANG_WARN_ENUM_CONVERSION = YES;
				CLANG_WARN_INT_CONVERSION = YES;
				CLANG_WARN_OBJC_ROOT_CLASS = YES_ERROR;
				CLANG_WARN_UNREACHABLE_CODE = YES;
				CLANG_WARN__DUPLICATE_METHOD_MATCH = YES;
				"CODE_SIGN_IDENTITY[sdk=iphoneos*]" = "iPhone Developer";
				COPY_PHASE_STRIP = NO;
				DEBUG_INFORMATION_FORMAT = "dwarf-with-dsym";
				ENABLE_NS_ASSERTIONS = NO;
				ENABLE_STRICT_OBJC_MSGSEND = YES;
				GCC_C_LANGUAGE_STANDARD = gnu99;
				GCC_NO_COMMON_BLOCKS = YES;
				GCC_WARN_64_TO_32_BIT_CONVERSION = YES;
				GCC_WARN_ABOUT_RETURN_TYPE = YES_ERROR;
				GCC_WARN_UNDECLARED_SELECTOR = YES;
				GCC_WARN_UNINITIALIZED_AUTOS = YES_AGGRESSIVE;
				GCC_WARN_UNUSED_FUNCTION = YES;
				GCC_WARN_UNUSED_VARIABLE = YES;
				IPHONEOS_DEPLOYMENT_TARGET = 9.2;
				MTL_ENABLE_DEBUG_INFO = NO;
				SDKROOT = iphoneos;
				VALIDATE_PRODUCT = YES;
			};
			name = Release;
		};
		D4FC47251C5CEF5F00DC42CA /* Debug */ = {
			isa = XCBuildConfiguration;
			buildSettings = {
				ASSETCATALOG_COMPILER_APPICON_NAME = AppIcon;
				INFOPLIST_FILE = PanGestureView/Info.plist;
				LD_RUNPATH_SEARCH_PATHS = "$(inherited) @executable_path/Frameworks";
				PRODUCT_BUNDLE_IDENTIFIER = com.behindtechlines.PanGestureView;
				PRODUCT_NAME = "$(TARGET_NAME)";
			};
			name = Debug;
		};
		D4FC47261C5CEF5F00DC42CA /* Release */ = {
			isa = XCBuildConfiguration;
			buildSettings = {
				ASSETCATALOG_COMPILER_APPICON_NAME = AppIcon;
				INFOPLIST_FILE = PanGestureView/Info.plist;
				LD_RUNPATH_SEARCH_PATHS = "$(inherited) @executable_path/Frameworks";
				PRODUCT_BUNDLE_IDENTIFIER = com.behindtechlines.PanGestureView;
				PRODUCT_NAME = "$(TARGET_NAME)";
			};
			name = Release;
		};
		D4FC47281C5CEF5F00DC42CA /* Debug */ = {
			isa = XCBuildConfiguration;
			buildSettings = {
				BUNDLE_LOADER = "$(TEST_HOST)";
				INFOPLIST_FILE = PanGestureViewTests/Info.plist;
				LD_RUNPATH_SEARCH_PATHS = "$(inherited) @executable_path/Frameworks @loader_path/Frameworks";
				PRODUCT_BUNDLE_IDENTIFIER = com.behindtechlines.PanGestureViewTests;
				PRODUCT_NAME = "$(TARGET_NAME)";
				TEST_HOST = "$(BUILT_PRODUCTS_DIR)/PanGestureView.app/PanGestureView";
			};
			name = Debug;
		};
		D4FC47291C5CEF5F00DC42CA /* Release */ = {
			isa = XCBuildConfiguration;
			buildSettings = {
				BUNDLE_LOADER = "$(TEST_HOST)";
				INFOPLIST_FILE = PanGestureViewTests/Info.plist;
				LD_RUNPATH_SEARCH_PATHS = "$(inherited) @executable_path/Frameworks @loader_path/Frameworks";
				PRODUCT_BUNDLE_IDENTIFIER = com.behindtechlines.PanGestureViewTests;
				PRODUCT_NAME = "$(TARGET_NAME)";
				TEST_HOST = "$(BUILT_PRODUCTS_DIR)/PanGestureView.app/PanGestureView";
			};
			name = Release;
		};
		D4FC472B1C5CEF5F00DC42CA /* Debug */ = {
			isa = XCBuildConfiguration;
			buildSettings = {
				INFOPLIST_FILE = PanGestureViewUITests/Info.plist;
				LD_RUNPATH_SEARCH_PATHS = "$(inherited) @executable_path/Frameworks @loader_path/Frameworks";
				PRODUCT_BUNDLE_IDENTIFIER = com.behindtechlines.PanGestureViewUITests;
				PRODUCT_NAME = "$(TARGET_NAME)";
				TEST_TARGET_NAME = PanGestureView;
				USES_XCTRUNNER = YES;
			};
			name = Debug;
		};
		D4FC472C1C5CEF5F00DC42CA /* Release */ = {
			isa = XCBuildConfiguration;
			buildSettings = {
				INFOPLIST_FILE = PanGestureViewUITests/Info.plist;
				LD_RUNPATH_SEARCH_PATHS = "$(inherited) @executable_path/Frameworks @loader_path/Frameworks";
				PRODUCT_BUNDLE_IDENTIFIER = com.behindtechlines.PanGestureViewUITests;
				PRODUCT_NAME = "$(TARGET_NAME)";
				TEST_TARGET_NAME = PanGestureView;
				USES_XCTRUNNER = YES;
			};
			name = Release;
		};
/* End XCBuildConfiguration section */

/* Begin XCConfigurationList section */
		D4FC46F71C5CEF5F00DC42CA /* Build configuration list for PBXProject "PanGestureView" */ = {
			isa = XCConfigurationList;
			buildConfigurations = (
				D4FC47221C5CEF5F00DC42CA /* Debug */,
				D4FC47231C5CEF5F00DC42CA /* Release */,
			);
			defaultConfigurationIsVisible = 0;
			defaultConfigurationName = Release;
		};
		D4FC47241C5CEF5F00DC42CA /* Build configuration list for PBXNativeTarget "PanGestureView" */ = {
			isa = XCConfigurationList;
			buildConfigurations = (
				D4FC47251C5CEF5F00DC42CA /* Debug */,
				D4FC47261C5CEF5F00DC42CA /* Release */,
			);
			defaultConfigurationIsVisible = 0;
			defaultConfigurationName = Release;
		};
		D4FC47271C5CEF5F00DC42CA /* Build configuration list for PBXNativeTarget "PanGestureViewTests" */ = {
			isa = XCConfigurationList;
			buildConfigurations = (
				D4FC47281C5CEF5F00DC42CA /* Debug */,
				D4FC47291C5CEF5F00DC42CA /* Release */,
			);
			defaultConfigurationIsVisible = 0;
			defaultConfigurationName = Release;
		};
		D4FC472A1C5CEF5F00DC42CA /* Build configuration list for PBXNativeTarget "PanGestureViewUITests" */ = {
			isa = XCConfigurationList;
			buildConfigurations = (
				D4FC472B1C5CEF5F00DC42CA /* Debug */,
				D4FC472C1C5CEF5F00DC42CA /* Release */,
			);
			defaultConfigurationIsVisible = 0;
			defaultConfigurationName = Release;
		};
/* End XCConfigurationList section */
	};
	rootObject = D4FC46F41C5CEF5F00DC42CA /* Project object */;
}
